// !$*UTF8*$!
{
	archiveVersion = 1;
	classes = {
	};
	objectVersion = 50;
	objects = {

/* Begin PBXBuildFile section */
		71CFFCD4244B431000A997ED /* AppDelegate.swift in Sources */ = {isa = PBXBuildFile; fileRef = 71CFFCD3244B431000A997ED /* AppDelegate.swift */; };
		71CFFCD8244B431000A997ED /* ViewController.swift in Sources */ = {isa = PBXBuildFile; fileRef = 71CFFCD7244B431000A997ED /* ViewController.swift */; };
		71CFFCDB244B431000A997ED /* Main.storyboard in Resources */ = {isa = PBXBuildFile; fileRef = 71CFFCD9244B431000A997ED /* Main.storyboard */; };
		71CFFCDD244B431300A997ED /* Assets.xcassets in Resources */ = {isa = PBXBuildFile; fileRef = 71CFFCDC244B431300A997ED /* Assets.xcassets */; };
		71CFFCE0244B431300A997ED /* LaunchScreen.storyboard in Resources */ = {isa = PBXBuildFile; fileRef = 71CFFCDE244B431300A997ED /* LaunchScreen.storyboard */; };
		71CFFCEB244B435000A997ED /* ViewControllerCreator.swift in Sources */ = {isa = PBXBuildFile; fileRef = 71CFFCE7244B434F00A997ED /* ViewControllerCreator.swift */; };
		71CFFCEC244B435000A997ED /* ViewControllerWithXib.xib in Resources */ = {isa = PBXBuildFile; fileRef = 71CFFCE8244B434F00A997ED /* ViewControllerWithXib.xib */; };
		71CFFCED244B435000A997ED /* ViewControllerNoXib.swift in Sources */ = {isa = PBXBuildFile; fileRef = 71CFFCE9244B434F00A997ED /* ViewControllerNoXib.swift */; };
		71CFFCEE244B435000A997ED /* ViewControllerWithXib.swift in Sources */ = {isa = PBXBuildFile; fileRef = 71CFFCEA244B435000A997ED /* ViewControllerWithXib.swift */; };
/* End PBXBuildFile section */

/* Begin PBXFileReference section */
		71CFFCD0244B431000A997ED /* ViewControllerGeneratorDemo.app */ = {isa = PBXFileReference; explicitFileType = wrapper.application; includeInIndex = 0; path = ViewControllerGeneratorDemo.app; sourceTree = BUILT_PRODUCTS_DIR; };
		71CFFCD3244B431000A997ED /* AppDelegate.swift */ = {isa = PBXFileReference; lastKnownFileType = sourcecode.swift; path = AppDelegate.swift; sourceTree = "<group>"; };
		71CFFCD7244B431000A997ED /* ViewController.swift */ = {isa = PBXFileReference; lastKnownFileType = sourcecode.swift; path = ViewController.swift; sourceTree = "<group>"; };
		71CFFCDA244B431000A997ED /* Base */ = {isa = PBXFileReference; lastKnownFileType = file.storyboard; name = Base; path = Base.lproj/Main.storyboard; sourceTree = "<group>"; };
		71CFFCDC244B431300A997ED /* Assets.xcassets */ = {isa = PBXFileReference; lastKnownFileType = folder.assetcatalog; path = Assets.xcassets; sourceTree = "<group>"; };
		71CFFCDF244B431300A997ED /* Base */ = {isa = PBXFileReference; lastKnownFileType = file.storyboard; name = Base; path = Base.lproj/LaunchScreen.storyboard; sourceTree = "<group>"; };
		71CFFCE1244B431300A997ED /* Info.plist */ = {isa = PBXFileReference; lastKnownFileType = text.plist.xml; path = Info.plist; sourceTree = "<group>"; };
		71CFFCE7244B434F00A997ED /* ViewControllerCreator.swift */ = {isa = PBXFileReference; fileEncoding = 4; lastKnownFileType = sourcecode.swift; path = ViewControllerCreator.swift; sourceTree = "<group>"; };
		71CFFCE8244B434F00A997ED /* ViewControllerWithXib.xib */ = {isa = PBXFileReference; fileEncoding = 4; lastKnownFileType = file.xib; path = ViewControllerWithXib.xib; sourceTree = "<group>"; };
		71CFFCE9244B434F00A997ED /* ViewControllerNoXib.swift */ = {isa = PBXFileReference; fileEncoding = 4; lastKnownFileType = sourcecode.swift; path = ViewControllerNoXib.swift; sourceTree = "<group>"; };
		71CFFCEA244B435000A997ED /* ViewControllerWithXib.swift */ = {isa = PBXFileReference; fileEncoding = 4; lastKnownFileType = sourcecode.swift; path = ViewControllerWithXib.swift; sourceTree = "<group>"; };
/* End PBXFileReference section */

/* Begin PBXFrameworksBuildPhase section */
		71CFFCCD244B431000A997ED /* Frameworks */ = {
			isa = PBXFrameworksBuildPhase;
			buildActionMask = 2147483647;
			files = (
			);
			runOnlyForDeploymentPostprocessing = 0;
		};
/* End PBXFrameworksBuildPhase section */

/* Begin PBXGroup section */
		71CFFCC7244B431000A997ED = {
			isa = PBXGroup;
			children = (
				71CFFCD2244B431000A997ED /* ViewControllerGeneratorDemo */,
				71CFFCD1244B431000A997ED /* Products */,
			);
			sourceTree = "<group>";
		};
		71CFFCD1244B431000A997ED /* Products */ = {
			isa = PBXGroup;
			children = (
				71CFFCD0244B431000A997ED /* ViewControllerGeneratorDemo.app */,
			);
			name = Products;
			sourceTree = "<group>";
		};
		71CFFCD2244B431000A997ED /* ViewControllerGeneratorDemo */ = {
			isa = PBXGroup;
			children = (
				71CFFCD3244B431000A997ED /* AppDelegate.swift */,
				71CFFCD7244B431000A997ED /* ViewController.swift */,
				71CFFCD9244B431000A997ED /* Main.storyboard */,
				71CFFCDC244B431300A997ED /* Assets.xcassets */,
				71CFFCDE244B431300A997ED /* LaunchScreen.storyboard */,
				71CFFCE1244B431300A997ED /* Info.plist */,
				71CFFCE7244B434F00A997ED /* ViewControllerCreator.swift */,
				71CFFCE9244B434F00A997ED /* ViewControllerNoXib.swift */,
				71CFFCEA244B435000A997ED /* ViewControllerWithXib.swift */,
				71CFFCE8244B434F00A997ED /* ViewControllerWithXib.xib */,
			);
			path = ViewControllerGeneratorDemo;
			sourceTree = "<group>";
		};
/* End PBXGroup section */

/* Begin PBXNativeTarget section */
		71CFFCCF244B431000A997ED /* ViewControllerGeneratorDemo */ = {
			isa = PBXNativeTarget;
			buildConfigurationList = 71CFFCE4244B431300A997ED /* Build configuration list for PBXNativeTarget "ViewControllerGeneratorDemo" */;
			buildPhases = (
				71CFFCCC244B431000A997ED /* Sources */,
				71CFFCCD244B431000A997ED /* Frameworks */,
				71CFFCCE244B431000A997ED /* Resources */,
			);
			buildRules = (
			);
			dependencies = (
			);
			name = ViewControllerGeneratorDemo;
			productName = ViewControllerGeneratorDemo;
			productReference = 71CFFCD0244B431000A997ED /* ViewControllerGeneratorDemo.app */;
			productType = "com.apple.product-type.application";
		};
/* End PBXNativeTarget section */

/* Begin PBXProject section */
		71CFFCC8244B431000A997ED /* Project object */ = {
			isa = PBXProject;
			attributes = {
				LastSwiftUpdateCheck = 1140;
				LastUpgradeCheck = 1140;
				ORGANIZATIONNAME = AppChihPin;
				TargetAttributes = {
					71CFFCCF244B431000A997ED = {
						CreatedOnToolsVersion = 11.4.1;
					};
				};
			};
			buildConfigurationList = 71CFFCCB244B431000A997ED /* Build configuration list for PBXProject "ViewControllerGeneratorDemo" */;
			compatibilityVersion = "Xcode 9.3";
			developmentRegion = en;
			hasScannedForEncodings = 0;
			knownRegions = (
				en,
				Base,
			);
			mainGroup = 71CFFCC7244B431000A997ED;
			productRefGroup = 71CFFCD1244B431000A997ED /* Products */;
			projectDirPath = "";
			projectRoot = "";
			targets = (
				71CFFCCF244B431000A997ED /* ViewControllerGeneratorDemo */,
			);
		};
/* End PBXProject section */

/* Begin PBXResourcesBuildPhase section */
		71CFFCCE244B431000A997ED /* Resources */ = {
			isa = PBXResourcesBuildPhase;
			buildActionMask = 2147483647;
			files = (
				71CFFCEC244B435000A997ED /* ViewControllerWithXib.xib in Resources */,
				71CFFCE0244B431300A997ED /* LaunchScreen.storyboard in Resources */,
				71CFFCDD244B431300A997ED /* Assets.xcassets in Resources */,
				71CFFCDB244B431000A997ED /* Main.storyboard in Resources */,
			);
			runOnlyForDeploymentPostprocessing = 0;
		};
/* End PBXResourcesBuildPhase section */

/* Begin PBXSourcesBuildPhase section */
		71CFFCCC244B431000A997ED /* Sources */ = {
			isa = PBXSourcesBuildPhase;
			buildActionMask = 2147483647;
			files = (
				71CFFCEB244B435000A997ED /* ViewControllerCreator.swift in Sources */,
				71CFFCD8244B431000A997ED /* ViewController.swift in Sources */,
				71CFFCD4244B431000A997ED /* AppDelegate.swift in Sources */,
				71CFFCEE244B435000A997ED /* ViewControllerWithXib.swift in Sources */,
				71CFFCED244B435000A997ED /* ViewControllerNoXib.swift in Sources */,
			);
			runOnlyForDeploymentPostprocessing = 0;
		};
/* End PBXSourcesBuildPhase section */

/* Begin PBXVariantGroup section */
		71CFFCD9244B431000A997ED /* Main.storyboard */ = {
			isa = PBXVariantGroup;
			children = (
				71CFFCDA244B431000A997ED /* Base */,
			);
			name = Main.storyboard;
			sourceTree = "<group>";
		};
		71CFFCDE244B431300A997ED /* LaunchScreen.storyboard */ = {
			isa = PBXVariantGroup;
			children = (
				71CFFCDF244B431300A997ED /* Base */,
			);
			name = LaunchScreen.storyboard;
			sourceTree = "<group>";
		};
/* End PBXVariantGroup section */

/* Begin XCBuildConfiguration section */
		71CFFCE2244B431300A997ED /* Debug */ = {
			isa = XCBuildConfiguration;
			buildSettings = {
				ALWAYS_SEARCH_USER_PATHS = NO;
				CLANG_ANALYZER_NONNULL = YES;
				CLANG_ANALYZER_NUMBER_OBJECT_CONVERSION = YES_AGGRESSIVE;
				CLANG_CXX_LANGUAGE_STANDARD = "gnu++14";
				CLANG_CXX_LIBRARY = "libc++";
				CLANG_ENABLE_MODULES = YES;
				CLANG_ENABLE_OBJC_ARC = YES;
				CLANG_ENABLE_OBJC_WEAK = YES;
				CLANG_WARN_BLOCK_CAPTURE_AUTORELEASING = YES;
				CLANG_WARN_BOOL_CONVERSION = YES;
				CLANG_WARN_COMMA = YES;
				CLANG_WARN_CONSTANT_CONVERSION = YES;
				CLANG_WARN_DEPRECATED_OBJC_IMPLEMENTATIONS = YES;
				CLANG_WARN_DIRECT_OBJC_ISA_USAGE = YES_ERROR;
				CLANG_WARN_DOCUMENTATION_COMMENTS = YES;
				CLANG_WARN_EMPTY_BODY = YES;
				CLANG_WARN_ENUM_CONVERSION = YES;
				CLANG_WARN_INFINITE_RECURSION = YES;
				CLANG_WARN_INT_CONVERSION = YES;
				CLANG_WARN_NON_LITERAL_NULL_CONVERSION = YES;
				CLANG_WARN_OBJC_IMPLICIT_RETAIN_SELF = YES;
				CLANG_WARN_OBJC_LITERAL_CONVERSION = YES;
				CLANG_WARN_OBJC_ROOT_CLASS = YES_ERROR;
				CLANG_WARN_RANGE_LOOP_ANALYSIS = YES;
				CLANG_WARN_STRICT_PROTOTYPES = YES;
				CLANG_WARN_SUSPICIOUS_MOVE = YES;
				CLANG_WARN_UNGUARDED_AVAILABILITY = YES_AGGRESSIVE;
				CLANG_WARN_UNREACHABLE_CODE = YES;
				CLANG_WARN__DUPLICATE_METHOD_MATCH = YES;
				COPY_PHASE_STRIP = NO;
				DEBUG_INFORMATION_FORMAT = dwarf;
				ENABLE_STRICT_OBJC_MSGSEND = YES;
				ENABLE_TESTABILITY = YES;
				GCC_C_LANGUAGE_STANDARD = gnu11;
				GCC_DYNAMIC_NO_PIC = NO;
				GCC_NO_COMMON_BLOCKS = YES;
				GCC_OPTIMIZATION_LEVEL = 0;
				GCC_PREPROCESSOR_DEFINITIONS = (
					"DEBUG=1",
					"$(inherited)",
				);
				GCC_WARN_64_TO_32_BIT_CONVERSION = YES;
				GCC_WARN_ABOUT_RETURN_TYPE = YES_ERROR;
				GCC_WARN_UNDECLARED_SELECTOR = YES;
				GCC_WARN_UNINITIALIZED_AUTOS = YES_AGGRESSIVE;
				GCC_WARN_UNUSED_FUNCTION = YES;
				GCC_WARN_UNUSED_VARIABLE = YES;
				IPHONEOS_DEPLOYMENT_TARGET = 13.4;
				MTL_ENABLE_DEBUG_INFO = INCLUDE_SOURCE;
				MTL_FAST_MATH = YES;
				ONLY_ACTIVE_ARCH = YES;
				SDKROOT = iphoneos;
				SWIFT_ACTIVE_COMPILATION_CONDITIONS = DEBUG;
				SWIFT_OPTIMIZATION_LEVEL = "-Onone";
			};
			name = Debug;
		};
		71CFFCE3244B431300A997ED /* Release */ = {
			isa = XCBuildConfiguration;
			buildSettings = {
				ALWAYS_SEARCH_USER_PATHS = NO;
				CLANG_ANALYZER_NONNULL = YES;
				CLANG_ANALYZER_NUMBER_OBJECT_CONVERSION = YES_AGGRESSIVE;
				CLANG_CXX_LANGUAGE_STANDARD = "gnu++14";
				CLANG_CXX_LIBRARY = "libc++";
				CLANG_ENABLE_MODULES = YES;
				CLANG_ENABLE_OBJC_ARC = YES;
				CLANG_ENABLE_OBJC_WEAK = YES;
				CLANG_WARN_BLOCK_CAPTURE_AUTORELEASING = YES;
				CLANG_WARN_BOOL_CONVERSION = YES;
				CLANG_WARN_COMMA = YES;
				CLANG_WARN_CONSTANT_CONVERSION = YES;
				CLANG_WARN_DEPRECATED_OBJC_IMPLEMENTATIONS = YES;
				CLANG_WARN_DIRECT_OBJC_ISA_USAGE = YES_ERROR;
				CLANG_WARN_DOCUMENTATION_COMMENTS = YES;
				CLANG_WARN_EMPTY_BODY = YES;
				CLANG_WARN_ENUM_CONVERSION = YES;
				CLANG_WARN_INFINITE_RECURSION = YES;
				CLANG_WARN_INT_CONVERSION = YES;
				CLANG_WARN_NON_LITERAL_NULL_CONVERSION = YES;
				CLANG_WARN_OBJC_IMPLICIT_RETAIN_SELF = YES;
				CLANG_WARN_OBJC_LITERAL_CONVERSION = YES;
				CLANG_WARN_OBJC_ROOT_CLASS = YES_ERROR;
				CLANG_WARN_RANGE_LOOP_ANALYSIS = YES;
				CLANG_WARN_STRICT_PROTOTYPES = YES;
				CLANG_WARN_SUSPICIOUS_MOVE = YES;
				CLANG_WARN_UNGUARDED_AVAILABILITY = YES_AGGRESSIVE;
				CLANG_WARN_UNREACHABLE_CODE = YES;
				CLANG_WARN__DUPLICATE_METHOD_MATCH = YES;
				COPY_PHASE_STRIP = NO;
				DEBUG_INFORMATION_FORMAT = "dwarf-with-dsym";
				ENABLE_NS_ASSERTIONS = NO;
				ENABLE_STRICT_OBJC_MSGSEND = YES;
				GCC_C_LANGUAGE_STANDARD = gnu11;
				GCC_NO_COMMON_BLOCKS = YES;
				GCC_WARN_64_TO_32_BIT_CONVERSION = YES;
				GCC_WARN_ABOUT_RETURN_TYPE = YES_ERROR;
				GCC_WARN_UNDECLARED_SELECTOR = YES;
				GCC_WARN_UNINITIALIZED_AUTOS = YES_AGGRESSIVE;
				GCC_WARN_UNUSED_FUNCTION = YES;
				GCC_WARN_UNUSED_VARIABLE = YES;
				IPHONEOS_DEPLOYMENT_TARGET = 13.4;
				MTL_ENABLE_DEBUG_INFO = NO;
				MTL_FAST_MATH = YES;
				SDKROOT = iphoneos;
				SWIFT_COMPILATION_MODE = wholemodule;
				SWIFT_OPTIMIZATION_LEVEL = "-O";
				VALIDATE_PRODUCT = YES;
			};
			name = Release;
		};
		71CFFCE5244B431300A997ED /* Debug */ = {
			isa = XCBuildConfiguration;
			buildSettings = {
				ASSETCATALOG_COMPILER_APPICON_NAME = AppIcon;
				CODE_SIGN_STYLE = Automatic;
				DEVELOPMENT_TEAM = HZFSZV43UE;
				INFOPLIST_FILE = ViewControllerGeneratorDemo/Info.plist;
				LD_RUNPATH_SEARCH_PATHS = (
					"$(inherited)",
					"@executable_path/Frameworks",
				);
				PRODUCT_BUNDLE_IDENTIFIER = com.AppChihPin.ViewControllerGeneratorDemo;
				PRODUCT_NAME = "$(TARGET_NAME)";
				SWIFT_VERSION = 5.0;
				TARGETED_DEVICE_FAMILY = "1,2";
			};
			name = Debug;
		};
		71CFFCE6244B431300A997ED /* Release */ = {
			isa = XCBuildConfiguration;
			buildSettings = {
				ASSETCATALOG_COMPILER_APPICON_NAME = AppIcon;
				CODE_SIGN_STYLE = Automatic;
				DEVELOPMENT_TEAM = HZFSZV43UE;
				INFOPLIST_FILE = ViewControllerGeneratorDemo/Info.plist;
				LD_RUNPATH_SEARCH_PATHS = (
					"$(inherited)",
					"@executable_path/Frameworks",
				);
				PRODUCT_BUNDLE_IDENTIFIER = com.AppChihPin.ViewControllerGeneratorDemo;
				PRODUCT_NAME = "$(TARGET_NAME)";
				SWIFT_VERSION = 5.0;
				TARGETED_DEVICE_FAMILY = "1,2";
			};
			name = Release;
		};
/* End XCBuildConfiguration section */

/* Begin XCConfigurationList section */
		71CFFCCB244B431000A997ED /* Build configuration list for PBXProject "ViewControllerGeneratorDemo" */ = {
			isa = XCConfigurationList;
			buildConfigurations = (
				71CFFCE2244B431300A997ED /* Debug */,
				71CFFCE3244B431300A997ED /* Release */,
			);
			defaultConfigurationIsVisible = 0;
			defaultConfigurationName = Release;
		};
		71CFFCE4244B431300A997ED /* Build configuration list for PBXNativeTarget "ViewControllerGeneratorDemo" */ = {
			isa = XCConfigurationList;
			buildConfigurations = (
				71CFFCE5244B431300A997ED /* Debug */,
				71CFFCE6244B431300A997ED /* Release */,
			);
			defaultConfigurationIsVisible = 0;
			defaultConfigurationName = Release;
		};
/* End XCConfigurationList section */
	};
	rootObject = 71CFFCC8244B431000A997ED /* Project object */;
}
